
Microsoft Visual Studio Solution File, Format Version 12.00
# Visual Studio Version 16
VisualStudioVersion = 16.0.31019.35
MinimumVisualStudioVersion = 10.0.40219.1
Project("{9A19103F-16F7-4668-BE54-9A1E7A4F7556}") = "banking-api", "banking-api\banking-api.csproj", "{A280E58B-8975-4EAA-AACC-A3964D5F6025}"
EndProject
Project("{FAE04EC0-301F-11D3-BF4B-00C04F79EFBC}") = "reporting-service", "reporting-service\reporting-service.csproj", "{38A59293-86B2-4C9F-9CA1-A8D6300C1315}"
EndProject
Project("{FAE04EC0-301F-11D3-BF4B-00C04F79EFBC}") = "user-notification-service", "user-notification-service\user-notification-service.csproj", "{711DFD34-CFA8-4C56-A4BC-6F3230B4B2B9}"
EndProject
Project("{FAE04EC0-301F-11D3-BF4B-00C04F79EFBC}") = "account-manager-service", "account-manager-service\account-manager-service.csproj", "{BA1A7E45-5578-427E-A319-36F2FFDEA10F}"
EndProject
Project("{FAE04EC0-301F-11D3-BF4B-00C04F79EFBC}") = "core-library", "core-library\core-library.csproj", "{8A5439C8-55B1-4DE9-BDCE-79687FCD6F08}"
EndProject
Project("{2150E333-8FDC-42A3-9474-1A3956D46DE8}") = "core", "core", "{33ED9B83-E02E-45C8-82F1-08EAF839980C}"
EndProject
Global
	GlobalSection(SolutionConfigurationPlatforms) = preSolution
		Debug|Any CPU = Debug|Any CPU
		Release|Any CPU = Release|Any CPU
	EndGlobalSection
	GlobalSection(ProjectConfigurationPlatforms) = postSolution
		{A280E58B-8975-4EAA-AACC-A3964D5F6025}.Debug|Any CPU.ActiveCfg = Debug|Any CPU
		{A280E58B-8975-4EAA-AACC-A3964D5F6025}.Debug|Any CPU.Build.0 = Debug|Any CPU
		{A280E58B-8975-4EAA-AACC-A3964D5F6025}.Release|Any CPU.ActiveCfg = Release|Any CPU
		{A280E58B-8975-4EAA-AACC-A3964D5F6025}.Release|Any CPU.Build.0 = Release|Any CPU
		{38A59293-86B2-4C9F-9CA1-A8D6300C1315}.Debug|Any CPU.ActiveCfg = Debug|Any CPU
		{38A59293-86B2-4C9F-9CA1-A8D6300C1315}.Debug|Any CPU.Build.0 = Debug|Any CPU
		{38A59293-86B2-4C9F-9CA1-A8D6300C1315}.Release|Any CPU.ActiveCfg = Release|Any CPU
		{38A59293-86B2-4C9F-9CA1-A8D6300C1315}.Release|Any CPU.Build.0 = Release|Any CPU
		{711DFD34-CFA8-4C56-A4BC-6F3230B4B2B9}.Debug|Any CPU.ActiveCfg = Debug|Any CPU
		{711DFD34-CFA8-4C56-A4BC-6F3230B4B2B9}.Debug|Any CPU.Build.0 = Debug|Any CPU
		{711DFD34-CFA8-4C56-A4BC-6F3230B4B2B9}.Release|Any CPU.ActiveCfg = Release|Any CPU
		{711DFD34-CFA8-4C56-A4BC-6F3230B4B2B9}.Release|Any CPU.Build.0 = Release|Any CPU
		{BA1A7E45-5578-427E-A319-36F2FFDEA10F}.Debug|Any CPU.ActiveCfg = Debug|Any CPU
		{BA1A7E45-5578-427E-A319-36F2FFDEA10F}.Debug|Any CPU.Build.0 = Debug|Any CPU
		{BA1A7E45-5578-427E-A319-36F2FFDEA10F}.Release|Any CPU.ActiveCfg = Release|Any CPU
		{BA1A7E45-5578-427E-A319-36F2FFDEA10F}.Release|Any CPU.Build.0 = Release|Any CPU
		{8A5439C8-55B1-4DE9-BDCE-79687FCD6F08}.Debug|Any CPU.ActiveCfg = Debug|Any CPU
		{8A5439C8-55B1-4DE9-BDCE-79687FCD6F08}.Debug|Any CPU.Build.0 = Debug|Any CPU
		{8A5439C8-55B1-4DE9-BDCE-79687FCD6F08}.Release|Any CPU.ActiveCfg = Release|Any CPU
		{8A5439C8-55B1-4DE9-BDCE-79687FCD6F08}.Release|Any CPU.Build.0 = Release|Any CPU
	EndGlobalSection
	GlobalSection(SolutionProperties) = preSolution
		HideSolutionNode = FALSE
	EndGlobalSection
	GlobalSection(NestedProjects) = preSolution
		{8A5439C8-55B1-4DE9-BDCE-79687FCD6F08} = {33ED9B83-E02E-45C8-82F1-08EAF839980C}
	EndGlobalSection
	GlobalSection(ExtensibilityGlobals) = postSolution
		SolutionGuid = {78644E02-5DD4-4FEB-82B6-CE3E1EF94C79}
	EndGlobalSection
EndGlobal
